
Microsoft Visual Studio Solution File, Format Version 12.00
# Visual Studio Version 16
VisualStudioVersion = 16.0.28803.452
MinimumVisualStudioVersion = 10.0.40219.1
Project("{2150E333-8FDC-42A3-9474-1A3956D46DE8}") = "src", "src", "{58E72B84-CB11-404C-A703-41D3BAA9E809}"
EndProject
Project("{2150E333-8FDC-42A3-9474-1A3956D46DE8}") = "Services", "Services", "{8555F018-9A43-4BA9-8FAC-2129F9C35E54}"
EndProject
Project("{2150E333-8FDC-42A3-9474-1A3956D46DE8}") = "Payment", "Payment", "{92830880-6EF5-4522-8437-20018D1D480F}"
EndProject
Project("{9A19103F-16F7-4668-BE54-9A1E7A4F7556}") = "Overload.Payment.Api", "src\Services\Payment\Overload.Payment.Api\Overload.Payment.Api.csproj", "{A5B53C3F-F487-4CCE-853C-E50EDB8D0A32}"
EndProject
Project("{2150E333-8FDC-42A3-9474-1A3956D46DE8}") = "Framework", "Framework", "{D0EEA19B-0A10-490F-B10C-2269053D9993}"
EndProject
Project("{2150E333-8FDC-42A3-9474-1A3956D46DE8}") = "BuildingBlocks", "BuildingBlocks", "{B8866AEA-220E-47FC-ADA5-1678F3ADA0D4}"
EndProject
Project("{2150E333-8FDC-42A3-9474-1A3956D46DE8}") = "Core", "Core", "{108D73BA-D51B-43F2-B3E1-B5E74B897A68}"
EndProject
Project("{2150E333-8FDC-42A3-9474-1A3956D46DE8}") = "Infrastructure", "Infrastructure", "{43113B16-D86B-4438-BF2A-481B0051FEFD}"
EndProject
Project("{2150E333-8FDC-42A3-9474-1A3956D46DE8}") = "Common", "Common", "{D2E25859-410F-48DC-BEE6-97E8EFB6937D}"
EndProject
Project("{9A19103F-16F7-4668-BE54-9A1E7A4F7556}") = "Overload.Payment.Infrastructure", "src\Services\Payment\Infrastructure\Overload.Payment.Infrastructure\Overload.Payment.Infrastructure.csproj", "{1B14B6B8-5D8F-466D-9063-1741C8D88D67}"
EndProject
Project("{9A19103F-16F7-4668-BE54-9A1E7A4F7556}") = "Overload.Payment.Persistence", "src\Services\Payment\Infrastructure\Overload.Payment.Persistence\Overload.Payment.Persistence.csproj", "{4DCEBD5E-5E7F-46C3-8ADE-30A8A3AEB087}"
EndProject
Project("{9A19103F-16F7-4668-BE54-9A1E7A4F7556}") = "Overload.Payment.Domain", "src\Services\Payment\Core\Overload.Payment.Domain\Overload.Payment.Domain.csproj", "{DDE581B4-3217-455B-B93A-235CBFB23201}"
EndProject
Project("{9A19103F-16F7-4668-BE54-9A1E7A4F7556}") = "Overload.Payment.Application", "src\Services\Payment\Core\Overload.Payment.Application\Overload.Payment.Application.csproj", "{87D6698A-2534-4A73-BDDF-FFB04A3FCA0C}"
EndProject
Project("{9A19103F-16F7-4668-BE54-9A1E7A4F7556}") = "Overload.Payment.Common", "src\Services\Payment\Common\Overload.Payment.Common\Overload.Payment.Common.csproj", "{BB771C23-3713-429A-88A4-1FDDAFD14655}"
EndProject
Project("{2150E333-8FDC-42A3-9474-1A3956D46DE8}") = "Ids", "Ids", "{D76554E4-5F74-4C1C-9274-3EDC637A565A}"
EndProject
Project("{2150E333-8FDC-42A3-9474-1A3956D46DE8}") = "Logging", "Logging", "{2039A32C-5B6F-45D3-AB37-58DA04D0DF5C}"
EndProject
Project("{2150E333-8FDC-42A3-9474-1A3956D46DE8}") = "EventBus", "EventBus", "{C959B8BF-D29E-431C-9523-CDD7243AF7E8}"
EndProject
Project("{9A19103F-16F7-4668-BE54-9A1E7A4F7556}") = "Overload.EventBus", "src\BuildingBlocks\EventBus\Overload.EventBus\Overload.EventBus.csproj", "{1AA34A12-A26D-4AA7-940F-46293FADAD4C}"
EndProject
Project("{2150E333-8FDC-42A3-9474-1A3956D46DE8}") = "Logging", "Logging", "{FD0D9AFA-A03F-46CF-82E9-9DD8308C8157}"
EndProject
Project("{9A19103F-16F7-4668-BE54-9A1E7A4F7556}") = "Overload.EventBus.RabbitMQ", "src\BuildingBlocks\EventBus\Overload.EventBus.RabbitMQ\Overload.EventBus.RabbitMQ.csproj", "{461BAE07-EE4A-4E83-89D0-3AE16244CE4B}"
EndProject
Project("{2150E333-8FDC-42A3-9474-1A3956D46DE8}") = "Search", "Search", "{2807FB40-3EDE-419A-AF16-BA111F16F7ED}"
EndProject
Project("{9A19103F-16F7-4668-BE54-9A1E7A4F7556}") = "Overload.Logging.SeriLog", "src\BuildingBlocks\Logging\Overload.Logging.SeriLog\Overload.Logging.SeriLog.csproj", "{0F174AB7-0B83-403D-ADA2-71CE31B1823E}"
EndProject
Project("{9A19103F-16F7-4668-BE54-9A1E7A4F7556}") = "Overload.Search", "src\BuildingBlocks\Search\Overload.Search\Overload.Search.csproj", "{72E0C4D3-E452-4A4B-85DA-D82CBB411010}"
EndProject
Project("{9A19103F-16F7-4668-BE54-9A1E7A4F7556}") = "Overload.Domain", "src\Framework\Overload.Domain\Overload.Domain.csproj", "{D3FE2F17-B56A-4976-B358-6B54431F88C2}"
EndProject
Project("{9A19103F-16F7-4668-BE54-9A1E7A4F7556}") = "Overload.Logging.Api", "src\Services\Logging\Overload.Logging.Api\Overload.Logging.Api.csproj", "{50F1C02A-6075-4BD6-AF89-B08BC6BBC946}"
EndProject
Project("{E53339B2-1760-4266-BCC7-CA923CBCF16C}") = "docker-compose", "docker-compose.dcproj", "{A5AB0B21-BA22-4F3F-BFDF-152C81D927CD}"
EndProject
Project("{2150E333-8FDC-42A3-9474-1A3956D46DE8}") = "Core", "Core", "{1F5112D8-24BC-4A27-AC24-AD9C2F848FE5}"
EndProject
Project("{2150E333-8FDC-42A3-9474-1A3956D46DE8}") = "Infrastructure", "Infrastructure", "{45C9F7C8-973F-420B-9419-DCB0F4F79F6A}"
EndProject
Project("{2150E333-8FDC-42A3-9474-1A3956D46DE8}") = "Common", "Common", "{76CFF42B-169E-4AB5-B5F4-5BA709FEDBD1}"
EndProject
Project("{9A19103F-16F7-4668-BE54-9A1E7A4F7556}") = "Overload.Logging.Application", "src\Services\Logging\Core\Overload.Logging.Application\Overload.Logging.Application.csproj", "{B0844896-AB52-45C0-8EA0-8090261A2CBF}"
EndProject
Project("{9A19103F-16F7-4668-BE54-9A1E7A4F7556}") = "Overload.Logging.Domain", "src\Services\Logging\Core\Overload.Logging.Domain\Overload.Logging.Domain.csproj", "{48EB6169-3DA6-4435-A373-7E7E1BAB73F2}"
EndProject
Project("{9A19103F-16F7-4668-BE54-9A1E7A4F7556}") = "Overload.Logging.Infrastructure", "src\Services\Logging\Infrastructure\Overload.Logging.Infrastructure\Overload.Logging.Infrastructure.csproj", "{2937277D-2C28-4E6E-A09F-D9EA6E0F332D}"
EndProject
Project("{9A19103F-16F7-4668-BE54-9A1E7A4F7556}") = "Overload.Logging.Persistence", "src\Services\Logging\Infrastructure\Overload.Logging.Persistence\Overload.Logging.Persistence.csproj", "{D6AAF073-28FC-4E26-ADD5-E87A7B69A63F}"
EndProject
Project("{2150E333-8FDC-42A3-9474-1A3956D46DE8}") = "Reporting", "Reporting", "{EAD9EC6A-9FB7-4F7E-85C1-81C29BC767E0}"
EndProject
Project("{9A19103F-16F7-4668-BE54-9A1E7A4F7556}") = "Overload.Reporting.Service", "src\Services\Reporting\Overload.Reporting.Service\Overload.Reporting.Service.csproj", "{4FF355DC-1894-4868-9988-9D81EBE3E56C}"
EndProject
Project("{2150E333-8FDC-42A3-9474-1A3956D46DE8}") = "Gateways", "Gateways", "{6A054166-D24F-4198-9B5E-F673EFD0066E}"
EndProject
Project("{FAE04EC0-301F-11D3-BF4B-00C04F79EFBC}") = "Overload.Gateways.Api", "src\Services\Gateways\Overload.Gateways.Api\Overload.Gateways.Api.csproj", "{BC9B36D1-887E-454E-A739-04A2FA0FA323}"
EndProject
Project("{FAE04EC0-301F-11D3-BF4B-00C04F79EFBC}") = "Overload.Ids", "src\Services\Ids\Overload.Ids\Overload.Ids.csproj", "{E6133329-9369-4441-8B28-99D3A4BB8964}"
EndProject
Global
	GlobalSection(SolutionConfigurationPlatforms) = preSolution
		Debug|Any CPU = Debug|Any CPU
		Release|Any CPU = Release|Any CPU
	EndGlobalSection
	GlobalSection(ProjectConfigurationPlatforms) = postSolution
		{A5B53C3F-F487-4CCE-853C-E50EDB8D0A32}.Debug|Any CPU.ActiveCfg = Debug|Any CPU
		{A5B53C3F-F487-4CCE-853C-E50EDB8D0A32}.Debug|Any CPU.Build.0 = Debug|Any CPU
		{A5B53C3F-F487-4CCE-853C-E50EDB8D0A32}.Release|Any CPU.ActiveCfg = Release|Any CPU
		{A5B53C3F-F487-4CCE-853C-E50EDB8D0A32}.Release|Any CPU.Build.0 = Release|Any CPU
		{1B14B6B8-5D8F-466D-9063-1741C8D88D67}.Debug|Any CPU.ActiveCfg = Debug|Any CPU
		{1B14B6B8-5D8F-466D-9063-1741C8D88D67}.Debug|Any CPU.Build.0 = Debug|Any CPU
		{1B14B6B8-5D8F-466D-9063-1741C8D88D67}.Release|Any CPU.ActiveCfg = Release|Any CPU
		{1B14B6B8-5D8F-466D-9063-1741C8D88D67}.Release|Any CPU.Build.0 = Release|Any CPU
		{4DCEBD5E-5E7F-46C3-8ADE-30A8A3AEB087}.Debug|Any CPU.ActiveCfg = Debug|Any CPU
		{4DCEBD5E-5E7F-46C3-8ADE-30A8A3AEB087}.Debug|Any CPU.Build.0 = Debug|Any CPU
		{4DCEBD5E-5E7F-46C3-8ADE-30A8A3AEB087}.Release|Any CPU.ActiveCfg = Release|Any CPU
		{4DCEBD5E-5E7F-46C3-8ADE-30A8A3AEB087}.Release|Any CPU.Build.0 = Release|Any CPU
		{DDE581B4-3217-455B-B93A-235CBFB23201}.Debug|Any CPU.ActiveCfg = Debug|Any CPU
		{DDE581B4-3217-455B-B93A-235CBFB23201}.Debug|Any CPU.Build.0 = Debug|Any CPU
		{DDE581B4-3217-455B-B93A-235CBFB23201}.Release|Any CPU.ActiveCfg = Release|Any CPU
		{DDE581B4-3217-455B-B93A-235CBFB23201}.Release|Any CPU.Build.0 = Release|Any CPU
		{87D6698A-2534-4A73-BDDF-FFB04A3FCA0C}.Debug|Any CPU.ActiveCfg = Debug|Any CPU
		{87D6698A-2534-4A73-BDDF-FFB04A3FCA0C}.Debug|Any CPU.Build.0 = Debug|Any CPU
		{87D6698A-2534-4A73-BDDF-FFB04A3FCA0C}.Release|Any CPU.ActiveCfg = Release|Any CPU
		{87D6698A-2534-4A73-BDDF-FFB04A3FCA0C}.Release|Any CPU.Build.0 = Release|Any CPU
		{BB771C23-3713-429A-88A4-1FDDAFD14655}.Debug|Any CPU.ActiveCfg = Debug|Any CPU
		{BB771C23-3713-429A-88A4-1FDDAFD14655}.Debug|Any CPU.Build.0 = Debug|Any CPU
		{BB771C23-3713-429A-88A4-1FDDAFD14655}.Release|Any CPU.ActiveCfg = Release|Any CPU
		{BB771C23-3713-429A-88A4-1FDDAFD14655}.Release|Any CPU.Build.0 = Release|Any CPU
		{1AA34A12-A26D-4AA7-940F-46293FADAD4C}.Debug|Any CPU.ActiveCfg = Debug|Any CPU
		{1AA34A12-A26D-4AA7-940F-46293FADAD4C}.Debug|Any CPU.Build.0 = Debug|Any CPU
		{1AA34A12-A26D-4AA7-940F-46293FADAD4C}.Release|Any CPU.ActiveCfg = Release|Any CPU
		{1AA34A12-A26D-4AA7-940F-46293FADAD4C}.Release|Any CPU.Build.0 = Release|Any CPU
		{461BAE07-EE4A-4E83-89D0-3AE16244CE4B}.Debug|Any CPU.ActiveCfg = Debug|Any CPU
		{461BAE07-EE4A-4E83-89D0-3AE16244CE4B}.Debug|Any CPU.Build.0 = Debug|Any CPU
		{461BAE07-EE4A-4E83-89D0-3AE16244CE4B}.Release|Any CPU.ActiveCfg = Release|Any CPU
		{461BAE07-EE4A-4E83-89D0-3AE16244CE4B}.Release|Any CPU.Build.0 = Release|Any CPU
		{0F174AB7-0B83-403D-ADA2-71CE31B1823E}.Debug|Any CPU.ActiveCfg = Debug|Any CPU
		{0F174AB7-0B83-403D-ADA2-71CE31B1823E}.Debug|Any CPU.Build.0 = Debug|Any CPU
		{0F174AB7-0B83-403D-ADA2-71CE31B1823E}.Release|Any CPU.ActiveCfg = Release|Any CPU
		{0F174AB7-0B83-403D-ADA2-71CE31B1823E}.Release|Any CPU.Build.0 = Release|Any CPU
		{72E0C4D3-E452-4A4B-85DA-D82CBB411010}.Debug|Any CPU.ActiveCfg = Debug|Any CPU
		{72E0C4D3-E452-4A4B-85DA-D82CBB411010}.Debug|Any CPU.Build.0 = Debug|Any CPU
		{72E0C4D3-E452-4A4B-85DA-D82CBB411010}.Release|Any CPU.ActiveCfg = Release|Any CPU
		{72E0C4D3-E452-4A4B-85DA-D82CBB411010}.Release|Any CPU.Build.0 = Release|Any CPU
		{D3FE2F17-B56A-4976-B358-6B54431F88C2}.Debug|Any CPU.ActiveCfg = Debug|Any CPU
		{D3FE2F17-B56A-4976-B358-6B54431F88C2}.Debug|Any CPU.Build.0 = Debug|Any CPU
		{D3FE2F17-B56A-4976-B358-6B54431F88C2}.Release|Any CPU.ActiveCfg = Release|Any CPU
		{D3FE2F17-B56A-4976-B358-6B54431F88C2}.Release|Any CPU.Build.0 = Release|Any CPU
		{50F1C02A-6075-4BD6-AF89-B08BC6BBC946}.Debug|Any CPU.ActiveCfg = Debug|Any CPU
		{50F1C02A-6075-4BD6-AF89-B08BC6BBC946}.Debug|Any CPU.Build.0 = Debug|Any CPU
		{50F1C02A-6075-4BD6-AF89-B08BC6BBC946}.Release|Any CPU.ActiveCfg = Release|Any CPU
		{50F1C02A-6075-4BD6-AF89-B08BC6BBC946}.Release|Any CPU.Build.0 = Release|Any CPU
		{A5AB0B21-BA22-4F3F-BFDF-152C81D927CD}.Debug|Any CPU.ActiveCfg = Debug|Any CPU
		{A5AB0B21-BA22-4F3F-BFDF-152C81D927CD}.Debug|Any CPU.Build.0 = Debug|Any CPU
		{A5AB0B21-BA22-4F3F-BFDF-152C81D927CD}.Release|Any CPU.ActiveCfg = Release|Any CPU
		{A5AB0B21-BA22-4F3F-BFDF-152C81D927CD}.Release|Any CPU.Build.0 = Release|Any CPU
		{B0844896-AB52-45C0-8EA0-8090261A2CBF}.Debug|Any CPU.ActiveCfg = Debug|Any CPU
		{B0844896-AB52-45C0-8EA0-8090261A2CBF}.Debug|Any CPU.Build.0 = Debug|Any CPU
		{B0844896-AB52-45C0-8EA0-8090261A2CBF}.Release|Any CPU.ActiveCfg = Release|Any CPU
		{B0844896-AB52-45C0-8EA0-8090261A2CBF}.Release|Any CPU.Build.0 = Release|Any CPU
		{48EB6169-3DA6-4435-A373-7E7E1BAB73F2}.Debug|Any CPU.ActiveCfg = Debug|Any CPU
		{48EB6169-3DA6-4435-A373-7E7E1BAB73F2}.Debug|Any CPU.Build.0 = Debug|Any CPU
		{48EB6169-3DA6-4435-A373-7E7E1BAB73F2}.Release|Any CPU.ActiveCfg = Release|Any CPU
		{48EB6169-3DA6-4435-A373-7E7E1BAB73F2}.Release|Any CPU.Build.0 = Release|Any CPU
		{2937277D-2C28-4E6E-A09F-D9EA6E0F332D}.Debug|Any CPU.ActiveCfg = Debug|Any CPU
		{2937277D-2C28-4E6E-A09F-D9EA6E0F332D}.Debug|Any CPU.Build.0 = Debug|Any CPU
		{2937277D-2C28-4E6E-A09F-D9EA6E0F332D}.Release|Any CPU.ActiveCfg = Release|Any CPU
		{2937277D-2C28-4E6E-A09F-D9EA6E0F332D}.Release|Any CPU.Build.0 = Release|Any CPU
		{D6AAF073-28FC-4E26-ADD5-E87A7B69A63F}.Debug|Any CPU.ActiveCfg = Debug|Any CPU
		{D6AAF073-28FC-4E26-ADD5-E87A7B69A63F}.Debug|Any CPU.Build.0 = Debug|Any CPU
		{D6AAF073-28FC-4E26-ADD5-E87A7B69A63F}.Release|Any CPU.ActiveCfg = Release|Any CPU
		{D6AAF073-28FC-4E26-ADD5-E87A7B69A63F}.Release|Any CPU.Build.0 = Release|Any CPU
		{4FF355DC-1894-4868-9988-9D81EBE3E56C}.Debug|Any CPU.ActiveCfg = Debug|Any CPU
		{4FF355DC-1894-4868-9988-9D81EBE3E56C}.Debug|Any CPU.Build.0 = Debug|Any CPU
		{4FF355DC-1894-4868-9988-9D81EBE3E56C}.Release|Any CPU.ActiveCfg = Release|Any CPU
		{4FF355DC-1894-4868-9988-9D81EBE3E56C}.Release|Any CPU.Build.0 = Release|Any CPU
		{BC9B36D1-887E-454E-A739-04A2FA0FA323}.Debug|Any CPU.ActiveCfg = Debug|Any CPU
		{BC9B36D1-887E-454E-A739-04A2FA0FA323}.Debug|Any CPU.Build.0 = Debug|Any CPU
		{BC9B36D1-887E-454E-A739-04A2FA0FA323}.Release|Any CPU.ActiveCfg = Release|Any CPU
		{BC9B36D1-887E-454E-A739-04A2FA0FA323}.Release|Any CPU.Build.0 = Release|Any CPU
		{E6133329-9369-4441-8B28-99D3A4BB8964}.Debug|Any CPU.ActiveCfg = Debug|Any CPU
		{E6133329-9369-4441-8B28-99D3A4BB8964}.Debug|Any CPU.Build.0 = Debug|Any CPU
		{E6133329-9369-4441-8B28-99D3A4BB8964}.Release|Any CPU.ActiveCfg = Release|Any CPU
		{E6133329-9369-4441-8B28-99D3A4BB8964}.Release|Any CPU.Build.0 = Release|Any CPU
	EndGlobalSection
	GlobalSection(SolutionProperties) = preSolution
		HideSolutionNode = FALSE
	EndGlobalSection
	GlobalSection(NestedProjects) = preSolution
		{8555F018-9A43-4BA9-8FAC-2129F9C35E54} = {58E72B84-CB11-404C-A703-41D3BAA9E809}
		{92830880-6EF5-4522-8437-20018D1D480F} = {8555F018-9A43-4BA9-8FAC-2129F9C35E54}
		{A5B53C3F-F487-4CCE-853C-E50EDB8D0A32} = {92830880-6EF5-4522-8437-20018D1D480F}
		{D0EEA19B-0A10-490F-B10C-2269053D9993} = {58E72B84-CB11-404C-A703-41D3BAA9E809}
		{B8866AEA-220E-47FC-ADA5-1678F3ADA0D4} = {58E72B84-CB11-404C-A703-41D3BAA9E809}
		{108D73BA-D51B-43F2-B3E1-B5E74B897A68} = {92830880-6EF5-4522-8437-20018D1D480F}
		{43113B16-D86B-4438-BF2A-481B0051FEFD} = {92830880-6EF5-4522-8437-20018D1D480F}
		{D2E25859-410F-48DC-BEE6-97E8EFB6937D} = {92830880-6EF5-4522-8437-20018D1D480F}
		{1B14B6B8-5D8F-466D-9063-1741C8D88D67} = {43113B16-D86B-4438-BF2A-481B0051FEFD}
		{4DCEBD5E-5E7F-46C3-8ADE-30A8A3AEB087} = {43113B16-D86B-4438-BF2A-481B0051FEFD}
		{DDE581B4-3217-455B-B93A-235CBFB23201} = {108D73BA-D51B-43F2-B3E1-B5E74B897A68}
		{87D6698A-2534-4A73-BDDF-FFB04A3FCA0C} = {108D73BA-D51B-43F2-B3E1-B5E74B897A68}
		{BB771C23-3713-429A-88A4-1FDDAFD14655} = {D2E25859-410F-48DC-BEE6-97E8EFB6937D}
		{D76554E4-5F74-4C1C-9274-3EDC637A565A} = {8555F018-9A43-4BA9-8FAC-2129F9C35E54}
		{2039A32C-5B6F-45D3-AB37-58DA04D0DF5C} = {8555F018-9A43-4BA9-8FAC-2129F9C35E54}
		{C959B8BF-D29E-431C-9523-CDD7243AF7E8} = {B8866AEA-220E-47FC-ADA5-1678F3ADA0D4}
		{1AA34A12-A26D-4AA7-940F-46293FADAD4C} = {C959B8BF-D29E-431C-9523-CDD7243AF7E8}
		{FD0D9AFA-A03F-46CF-82E9-9DD8308C8157} = {B8866AEA-220E-47FC-ADA5-1678F3ADA0D4}
		{461BAE07-EE4A-4E83-89D0-3AE16244CE4B} = {C959B8BF-D29E-431C-9523-CDD7243AF7E8}
		{2807FB40-3EDE-419A-AF16-BA111F16F7ED} = {B8866AEA-220E-47FC-ADA5-1678F3ADA0D4}
		{0F174AB7-0B83-403D-ADA2-71CE31B1823E} = {FD0D9AFA-A03F-46CF-82E9-9DD8308C8157}
		{72E0C4D3-E452-4A4B-85DA-D82CBB411010} = {2807FB40-3EDE-419A-AF16-BA111F16F7ED}
		{D3FE2F17-B56A-4976-B358-6B54431F88C2} = {D0EEA19B-0A10-490F-B10C-2269053D9993}
		{50F1C02A-6075-4BD6-AF89-B08BC6BBC946} = {2039A32C-5B6F-45D3-AB37-58DA04D0DF5C}
		{1F5112D8-24BC-4A27-AC24-AD9C2F848FE5} = {2039A32C-5B6F-45D3-AB37-58DA04D0DF5C}
		{45C9F7C8-973F-420B-9419-DCB0F4F79F6A} = {2039A32C-5B6F-45D3-AB37-58DA04D0DF5C}
		{76CFF42B-169E-4AB5-B5F4-5BA709FEDBD1} = {2039A32C-5B6F-45D3-AB37-58DA04D0DF5C}
		{B0844896-AB52-45C0-8EA0-8090261A2CBF} = {1F5112D8-24BC-4A27-AC24-AD9C2F848FE5}
		{48EB6169-3DA6-4435-A373-7E7E1BAB73F2} = {1F5112D8-24BC-4A27-AC24-AD9C2F848FE5}
		{2937277D-2C28-4E6E-A09F-D9EA6E0F332D} = {45C9F7C8-973F-420B-9419-DCB0F4F79F6A}
		{D6AAF073-28FC-4E26-ADD5-E87A7B69A63F} = {45C9F7C8-973F-420B-9419-DCB0F4F79F6A}
		{EAD9EC6A-9FB7-4F7E-85C1-81C29BC767E0} = {8555F018-9A43-4BA9-8FAC-2129F9C35E54}
		{4FF355DC-1894-4868-9988-9D81EBE3E56C} = {EAD9EC6A-9FB7-4F7E-85C1-81C29BC767E0}
		{6A054166-D24F-4198-9B5E-F673EFD0066E} = {8555F018-9A43-4BA9-8FAC-2129F9C35E54}
		{BC9B36D1-887E-454E-A739-04A2FA0FA323} = {6A054166-D24F-4198-9B5E-F673EFD0066E}
		{E6133329-9369-4441-8B28-99D3A4BB8964} = {D76554E4-5F74-4C1C-9274-3EDC637A565A}
	EndGlobalSection
	GlobalSection(ExtensibilityGlobals) = postSolution
		SolutionGuid = {3D935B64-3C85-43E9-8366-859213AC815B}
	EndGlobalSection
EndGlobal
